
Microsoft Visual Studio Solution File, Format Version 12.00
# Visual Studio Version 17
VisualStudioVersion = 17.0.31903.59
MinimumVisualStudioVersion = 10.0.40219.1
Project("{FAE04EC0-301F-11D3-BF4B-00C04F79EFBC}") = "Sandbox", "Sandbox\Sandbox.csproj", "{A742FB0C-FB98-4F99-8181-D17EA7CBA2A2}"
EndProject
Project("{2150E333-8FDC-42A3-9474-1A3956D46DE8}") = "Framework", "Framework", "{674B0A5D-58B6-4B36-BBA5-F72205F4CCE7}"
EndProject
Project("{FAE04EC0-301F-11D3-BF4B-00C04F79EFBC}") = "Hastighet", "Hastighet\Hastighet.csproj", "{79C1152C-2512-4A47-A2D1-3A3FF49B4EFB}"
EndProject
Global
	GlobalSection(SolutionConfigurationPlatforms) = preSolution
		Debug|Any CPU = Debug|Any CPU
		Release|Any CPU = Release|Any CPU
	EndGlobalSection
	GlobalSection(ProjectConfigurationPlatforms) = postSolution
		{A742FB0C-FB98-4F99-8181-D17EA7CBA2A2}.Debug|Any CPU.ActiveCfg = Debug|Any CPU
		{A742FB0C-FB98-4F99-8181-D17EA7CBA2A2}.Debug|Any CPU.Build.0 = Debug|Any CPU
		{A742FB0C-FB98-4F99-8181-D17EA7CBA2A2}.Release|Any CPU.ActiveCfg = Release|Any CPU
		{A742FB0C-FB98-4F99-8181-D17EA7CBA2A2}.Release|Any CPU.Build.0 = Release|Any CPU
		{79C1152C-2512-4A47-A2D1-3A3FF49B4EFB}.Debug|Any CPU.ActiveCfg = Debug|Any CPU
		{79C1152C-2512-4A47-A2D1-3A3FF49B4EFB}.Debug|Any CPU.Build.0 = Debug|Any CPU
		{79C1152C-2512-4A47-A2D1-3A3FF49B4EFB}.Release|Any CPU.ActiveCfg = Release|Any CPU
		{79C1152C-2512-4A47-A2D1-3A3FF49B4EFB}.Release|Any CPU.Build.0 = Release|Any CPU
	EndGlobalSection
	GlobalSection(SolutionProperties) = preSolution
		HideSolutionNode = FALSE
	EndGlobalSection
	GlobalSection(NestedProjects) = preSolution
		{79C1152C-2512-4A47-A2D1-3A3FF49B4EFB} = {674B0A5D-58B6-4B36-BBA5-F72205F4CCE7}
	EndGlobalSection
EndGlobal
